
Microsoft Visual Studio Solution File, Format Version 12.00
# Visual Studio Version 17
VisualStudioVersion = 17.0.31903.59
MinimumVisualStudioVersion = 10.0.40219.1
Project("{FAE04EC0-301F-11D3-BF4B-00C04F79EFBC}") = "Baykar.UserInterface", "Baykar.UserInterface\Baykar.UserInterface.csproj", "{F2EF1676-33E9-4977-8092-A92ADD2BF327}"
EndProject
Project("{FAE04EC0-301F-11D3-BF4B-00C04F79EFBC}") = "Baykar.SimulationInterface", "Baykar.SimulationInterface\Baykar.SimulationInterface.csproj", "{0EDE6415-D1EB-4F35-AD9F-4F76EC05AEEB}"
EndProject
Project("{FAE04EC0-301F-11D3-BF4B-00C04F79EFBC}") = "Baykar.Shared", "Baykar.Shared\Baykar.Shared.csproj", "{F341AC83-B90E-46B4-A9D1-955AE68F25F2}"
EndProject
Project("{FAE04EC0-301F-11D3-BF4B-00C04F79EFBC}") = "Baykar.UiAutomationTests", "Baykar.UiAutomationTests\Baykar.UiAutomationTests.csproj", "{4456E7B6-653D-44B5-93A9-AA5406F6F434}"
EndProject
Global
	GlobalSection(SolutionConfigurationPlatforms) = preSolution
		Debug|Any CPU = Debug|Any CPU
		Debug|x64 = Debug|x64
		Debug|x86 = Debug|x86
		Release|Any CPU = Release|Any CPU
		Release|x64 = Release|x64
		Release|x86 = Release|x86
	EndGlobalSection
	GlobalSection(ProjectConfigurationPlatforms) = postSolution
		{F2EF1676-33E9-4977-8092-A92ADD2BF327}.Debug|Any CPU.ActiveCfg = Debug|Any CPU
		{F2EF1676-33E9-4977-8092-A92ADD2BF327}.Debug|Any CPU.Build.0 = Debug|Any CPU
		{F2EF1676-33E9-4977-8092-A92ADD2BF327}.Debug|x64.ActiveCfg = Debug|Any CPU
		{F2EF1676-33E9-4977-8092-A92ADD2BF327}.Debug|x64.Build.0 = Debug|Any CPU
		{F2EF1676-33E9-4977-8092-A92ADD2BF327}.Debug|x86.ActiveCfg = Debug|Any CPU
		{F2EF1676-33E9-4977-8092-A92ADD2BF327}.Debug|x86.Build.0 = Debug|Any CPU
		{F2EF1676-33E9-4977-8092-A92ADD2BF327}.Release|Any CPU.ActiveCfg = Release|Any CPU
		{F2EF1676-33E9-4977-8092-A92ADD2BF327}.Release|Any CPU.Build.0 = Release|Any CPU
		{F2EF1676-33E9-4977-8092-A92ADD2BF327}.Release|x64.ActiveCfg = Release|Any CPU
		{F2EF1676-33E9-4977-8092-A92ADD2BF327}.Release|x64.Build.0 = Release|Any CPU
		{F2EF1676-33E9-4977-8092-A92ADD2BF327}.Release|x86.ActiveCfg = Release|Any CPU
		{F2EF1676-33E9-4977-8092-A92ADD2BF327}.Release|x86.Build.0 = Release|Any CPU
		{0EDE6415-D1EB-4F35-AD9F-4F76EC05AEEB}.Debug|Any CPU.ActiveCfg = Debug|Any CPU
		{0EDE6415-D1EB-4F35-AD9F-4F76EC05AEEB}.Debug|Any CPU.Build.0 = Debug|Any CPU
		{0EDE6415-D1EB-4F35-AD9F-4F76EC05AEEB}.Debug|x64.ActiveCfg = Debug|Any CPU
		{0EDE6415-D1EB-4F35-AD9F-4F76EC05AEEB}.Debug|x64.Build.0 = Debug|Any CPU
		{0EDE6415-D1EB-4F35-AD9F-4F76EC05AEEB}.Debug|x86.ActiveCfg = Debug|Any CPU
		{0EDE6415-D1EB-4F35-AD9F-4F76EC05AEEB}.Debug|x86.Build.0 = Debug|Any CPU
		{0EDE6415-D1EB-4F35-AD9F-4F76EC05AEEB}.Release|Any CPU.ActiveCfg = Release|Any CPU
		{0EDE6415-D1EB-4F35-AD9F-4F76EC05AEEB}.Release|Any CPU.Build.0 = Release|Any CPU
		{0EDE6415-D1EB-4F35-AD9F-4F76EC05AEEB}.Release|x64.ActiveCfg = Release|Any CPU
		{0EDE6415-D1EB-4F35-AD9F-4F76EC05AEEB}.Release|x64.Build.0 = Release|Any CPU
		{0EDE6415-D1EB-4F35-AD9F-4F76EC05AEEB}.Release|x86.ActiveCfg = Release|Any CPU
		{0EDE6415-D1EB-4F35-AD9F-4F76EC05AEEB}.Release|x86.Build.0 = Release|Any CPU
		{F341AC83-B90E-46B4-A9D1-955AE68F25F2}.Debug|Any CPU.ActiveCfg = Debug|Any CPU
		{F341AC83-B90E-46B4-A9D1-955AE68F25F2}.Debug|Any CPU.Build.0 = Debug|Any CPU
		{F341AC83-B90E-46B4-A9D1-955AE68F25F2}.Debug|x64.ActiveCfg = Debug|Any CPU
		{F341AC83-B90E-46B4-A9D1-955AE68F25F2}.Debug|x64.Build.0 = Debug|Any CPU
		{F341AC83-B90E-46B4-A9D1-955AE68F25F2}.Debug|x86.ActiveCfg = Debug|Any CPU
		{F341AC83-B90E-46B4-A9D1-955AE68F25F2}.Debug|x86.Build.0 = Debug|Any CPU
		{F341AC83-B90E-46B4-A9D1-955AE68F25F2}.Release|Any CPU.ActiveCfg = Release|Any CPU
		{F341AC83-B90E-46B4-A9D1-955AE68F25F2}.Release|Any CPU.Build.0 = Release|Any CPU
		{F341AC83-B90E-46B4-A9D1-955AE68F25F2}.Release|x64.ActiveCfg = Release|Any CPU
		{F341AC83-B90E-46B4-A9D1-955AE68F25F2}.Release|x64.Build.0 = Release|Any CPU
		{F341AC83-B90E-46B4-A9D1-955AE68F25F2}.Release|x86.ActiveCfg = Release|Any CPU
		{F341AC83-B90E-46B4-A9D1-955AE68F25F2}.Release|x86.Build.0 = Release|Any CPU
		{4456E7B6-653D-44B5-93A9-AA5406F6F434}.Debug|Any CPU.ActiveCfg = Debug|Any CPU
		{4456E7B6-653D-44B5-93A9-AA5406F6F434}.Debug|Any CPU.Build.0 = Debug|Any CPU
		{4456E7B6-653D-44B5-93A9-AA5406F6F434}.Debug|x64.ActiveCfg = Debug|Any CPU
		{4456E7B6-653D-44B5-93A9-AA5406F6F434}.Debug|x64.Build.0 = Debug|Any CPU
		{4456E7B6-653D-44B5-93A9-AA5406F6F434}.Debug|x86.ActiveCfg = Debug|Any CPU
		{4456E7B6-653D-44B5-93A9-AA5406F6F434}.Debug|x86.Build.0 = Debug|Any CPU
		{4456E7B6-653D-44B5-93A9-AA5406F6F434}.Release|Any CPU.ActiveCfg = Release|Any CPU
		{4456E7B6-653D-44B5-93A9-AA5406F6F434}.Release|Any CPU.Build.0 = Release|Any CPU
		{4456E7B6-653D-44B5-93A9-AA5406F6F434}.Release|x64.ActiveCfg = Release|Any CPU
		{4456E7B6-653D-44B5-93A9-AA5406F6F434}.Release|x64.Build.0 = Release|Any CPU
		{4456E7B6-653D-44B5-93A9-AA5406F6F434}.Release|x86.ActiveCfg = Release|Any CPU
		{4456E7B6-653D-44B5-93A9-AA5406F6F434}.Release|x86.Build.0 = Release|Any CPU
	EndGlobalSection
	GlobalSection(SolutionProperties) = preSolution
		HideSolutionNode = FALSE
	EndGlobalSection
EndGlobal
